// !$*UTF8*$!
{
	archiveVersion = 1;
	objectVersion = 42;
	objects = {
		CA6020806B2D397600B5926F = {
			isa = PBXGroup;
			children = (
				CA60959A5241C49977BDBE38,
CA607C797F4424CA2F57FCDF,

			);
			sourceTree = "<group>";
		};

		
		CA60FB971C86B8D72DB3819F /* bin */ = {
			isa = PBXFileReference;
			explicitFileType = "compiled.mach-o.executable";
			includeInIndex = 0;
			name = triangle;
			sourceTree = BUILT_PRODUCTS_DIR;
		};CA600C6A61F44D5EDEB7CF0F /* triangle-bin */ = {
			isa = PBXNativeTarget;
			buildConfigurationList = CA609694F32BADCD559AB8E9;
			buildPhases = (
				CA60394F218E6EB7CB15C0AF
			);
			buildRules = (
			);
			dependencies = (
				CA60C9B88092A8CA006F6BDB
			);
			name = "triangle-bin";
			productName = "triangle";
			productReference = CA60FB971C86B8D72DB3819F;
			productType = "com.apple.product-type.tool";
		};
		CA600F359F6C1A60BE5B30DB = {
			isa = PBXAggregateTarget;
			buildConfigurationList = CA60B51C1DB490627F44564D;
			buildPhases = (
				CA6071C91F3DDB90F26A9505
			);
			dependencies = (
			);
			name = Cargo;
			productName = Cargo;
		};
			CA60394F218E6EB7CB15C0AF = {
					isa = PBXShellScriptBuildPhase;
					buildActionMask = 2147483647;
					name = "Copy files (triangle)";
					files = (
					);
					inputFileListPaths = (
					);
					inputPaths = (
						"$(CARGO_XCODE_PRODUCTS_DIR)/triangle",
					);
					outputFileListPaths = (
					);
					outputPaths = (
						"$(BUILT_PRODUCTS_DIR)/triangle",
					);
					runOnlyForDeploymentPostprocessing = 0;
					shellPath = /bin/sh;
					shellScript = "ln -f \"${CARGO_XCODE_PRODUCTS_DIR}/triangle\" \"${BUILT_PRODUCTS_DIR}/\"";
				};
				
		CA609694F32BADCD559AB8E9 /* bin */ = {
			isa = XCConfigurationList;
			buildConfigurations = (
				CA60118E0D30BF3E0BBB04C8 /* Release */,
				CA60AA026D6637441A6586F3 /* Debug */,
			);
			defaultConfigurationIsVisible = 0;
			defaultConfigurationName = Release;
		};
			CA60118E0D30BF3E0BBB04C8 /* bin */ = {
				isa = XCBuildConfiguration;
				buildSettings = {
					PRODUCT_NAME = "triangle";
					
				};
				name = Release;
			};
			CA60AA026D6637441A6586F3 /* bin */ = {
				isa = XCBuildConfiguration;
				buildSettings = {
					PRODUCT_NAME = "triangle";
					
				};
				name = Debug;
			};CA6071C91F3DDB90F26A9505 = {
				isa = PBXShellScriptBuildPhase;
				buildActionMask = 2147483647;
				name = "Cargo build";
				files = (
				);
				inputFileListPaths = (
				);
				inputPaths = (
					"$(SRCROOT)/Cargo.toml"
				);
				outputFileListPaths = (
				);
				outputPaths = (
				);
				runOnlyForDeploymentPostprocessing = 0;
				shellPath = /bin/bash;
				shellScript = "set -e; export PATH=$PATH:~/.cargo/bin:/usr/local/bin;
if [ \"$ACTION\" = \"clean\" ]; then
	cargo clean;
else
	cargo build $CARGO_FLAGS;
fi
";
		};
			
				CA60959A5241C49977BDBE38 /* Cargo.toml */ = {
					isa = PBXFileReference;
					lastKnownFileType = "sourcecode.text-based-dylib-definition";
					fileEncoding = 4;
					path = Cargo.toml;
					sourceTree = "<group>";
			};

		CA607C797F4424CA2F57FCDF = {
			isa = PBXGroup;
			children = (
				CA60FB971C86B8D72DB3819F,

			);
			name = Products;
			sourceTree = "<group>";
		};

		CA606128A60FF49D803E86E1 = {
			isa = PBXContainerItemProxy;
			containerPortal = CA6014063F7864CCDA4B1D35;
			proxyType = 1;
			remoteGlobalIDString = CA600F359F6C1A60BE5B30DB;
			remoteInfo = Cargo;
		};

		CA60C9B88092A8CA006F6BDB = {
			isa = PBXTargetDependency;
			target = CA600F359F6C1A60BE5B30DB;
			targetProxy = CA606128A60FF49D803E86E1;
		};

		CA60B51C1DB490627F44564D = {
			isa = XCConfigurationList;
			buildConfigurations = (
				CA60DB5BE476B30EB29B6EAF /* Release */,
				CA60FE037F77564F4FD1D4AB /* Debug */,
			);
			defaultConfigurationIsVisible = 0;
			defaultConfigurationName = Release;
		};

		CA60DB5BE476B30EB29B6EAF = {
			isa = XCBuildConfiguration;
			buildSettings = {
				CARGO_TARGET_DIR = "$(BUILD_DIR)/cargo-target"; /* for cargo */
				CARGO_XCODE_PRODUCTS_DIR = "$(BUILD_DIR)/cargo-target/release"; /* for xcode scripts */
				CARGO_FLAGS = "--release";
				ARCHS = "$(NATIVE_ARCH_ACTUAL)";
				ONLY_ACTIVE_ARCH = YES;
				SDKROOT = macosx;
				PRODUCT_NAME = "triangle";
			};
			name = Release;
		};

		CA60FE037F77564F4FD1D4AB = {
			isa = XCBuildConfiguration;
			buildSettings = {
				CARGO_TARGET_DIR = "$(BUILD_DIR)/cargo-target";
				CARGO_XCODE_PRODUCTS_DIR = "$(BUILD_DIR)/cargo-target/debug";
				CARGO_FLAGS = "";
				ARCHS = "$(NATIVE_ARCH_ACTUAL)";
				ONLY_ACTIVE_ARCH = YES;
				SDKROOT = macosx;
				PRODUCT_NAME = "triangle";
			};
			name = Debug;
		};

		CA6014063F7864CCDA4B1D35 = {
			isa = PBXProject;
			attributes = {
				LastUpgradeCheck = 0920;
				TargetAttributes = {
					CA600C6A61F44D5EDEB7CF0F = {
						CreatedOnToolsVersion = 9.2;
						ProvisioningStyle = Automatic;
					};
					CA600F359F6C1A60BE5B30DB = {
						CreatedOnToolsVersion = 9.2;
						ProvisioningStyle = Automatic;
					};
					                };
			};
			buildConfigurationList = CA60B51C1DB490627F44564D;
			compatibilityVersion = "Xcode 8.0";
			mainGroup = CA6020806B2D397600B5926F;
			productRefGroup = CA607C797F4424CA2F57FCDF;
			projectDirPath = "";
			projectRoot = "";
			targets = (
				CA600C6A61F44D5EDEB7CF0F,
CA600F359F6C1A60BE5B30DB,

			);
		};
	};
	rootObject = CA6014063F7864CCDA4B1D35;
}
	