// !$*UTF8*$!
{
	archiveVersion = 1;
	objectVersion = 42;
	objects = {
		CA607F4CFD5A31E624AB639B = {
			isa = PBXGroup;
			children = (
				CA60D5A4C117FA922A78160B,
CA602DE2B691E98DB40D7157,

			);
			sourceTree = "<group>";
		};

		
		CA608B56B4CD04EDD93015E0 /* bin */ = {
			isa = PBXFileReference;
			explicitFileType = "compiled.mach-o.executable";
			includeInIndex = 0;
			name = class3;
			sourceTree = BUILT_PRODUCTS_DIR;
		};CA603272876B70D3F426B414 /* class3-bin */ = {
			isa = PBXNativeTarget;
			buildConfigurationList = CA606E058E5D9B232D22AD5F;
			buildPhases = (
				CA600226C6D930ECF9E49400
			);
			buildRules = (
			);
			dependencies = (
				CA604C04C5CC03958E769765
			);
			name = "class3-bin";
			productName = "class3";
			productReference = CA608B56B4CD04EDD93015E0;
			productType = "com.apple.product-type.tool";
		};
		CA60008DB606720BC1D26AF9 = {
			isa = PBXAggregateTarget;
			buildConfigurationList = CA60544906BA7175E2935292;
			buildPhases = (
				CA603162A50287EF043EE6AA
			);
			dependencies = (
			);
			name = Cargo;
			productName = Cargo;
		};
			CA600226C6D930ECF9E49400 = {
					isa = PBXShellScriptBuildPhase;
					buildActionMask = 2147483647;
					name = "Copy files (class3)";
					files = (
					);
					inputFileListPaths = (
					);
					inputPaths = (
						"$(CARGO_XCODE_PRODUCTS_DIR)/class3",
					);
					outputFileListPaths = (
					);
					outputPaths = (
						"$(BUILT_PRODUCTS_DIR)/class3",
					);
					runOnlyForDeploymentPostprocessing = 0;
					shellPath = /bin/sh;
					shellScript = "ln -f \"${CARGO_XCODE_PRODUCTS_DIR}/class3\" \"${BUILT_PRODUCTS_DIR}/\"";
				};
				
		CA606E058E5D9B232D22AD5F /* bin */ = {
			isa = XCConfigurationList;
			buildConfigurations = (
				CA60208A03A4CB19EAF1A61C /* Release */,
				CA60AA06BED9C83E0E5EF061 /* Debug */,
			);
			defaultConfigurationIsVisible = 0;
			defaultConfigurationName = Release;
		};
			CA60208A03A4CB19EAF1A61C /* bin */ = {
				isa = XCBuildConfiguration;
				buildSettings = {
					PRODUCT_NAME = "class3";
					
				};
				name = Release;
			};
			CA60AA06BED9C83E0E5EF061 /* bin */ = {
				isa = XCBuildConfiguration;
				buildSettings = {
					PRODUCT_NAME = "class3";
					
				};
				name = Debug;
			};CA603162A50287EF043EE6AA = {
				isa = PBXShellScriptBuildPhase;
				buildActionMask = 2147483647;
				name = "Cargo build";
				files = (
				);
				inputFileListPaths = (
				);
				inputPaths = (
					"$(SRCROOT)/Cargo.toml"
				);
				outputFileListPaths = (
				);
				outputPaths = (
				);
				runOnlyForDeploymentPostprocessing = 0;
				shellPath = /bin/bash;
				shellScript = "set -e; export PATH=$PATH:~/.cargo/bin:/usr/local/bin;
if [ \"$ACTION\" = \"clean\" ]; then
	cargo clean;
else
	cargo build $CARGO_FLAGS;
fi
";
		};
			
				CA60D5A4C117FA922A78160B /* Cargo.toml */ = {
					isa = PBXFileReference;
					lastKnownFileType = "sourcecode.text-based-dylib-definition";
					fileEncoding = 4;
					path = Cargo.toml;
					sourceTree = "<group>";
			};

		CA602DE2B691E98DB40D7157 = {
			isa = PBXGroup;
			children = (
				CA608B56B4CD04EDD93015E0,

			);
			name = Products;
			sourceTree = "<group>";
		};

		CA605F46704A6EC5A26D77E0 = {
			isa = PBXContainerItemProxy;
			containerPortal = CA60AA1BAB5462B07F4A280E;
			proxyType = 1;
			remoteGlobalIDString = CA60008DB606720BC1D26AF9;
			remoteInfo = Cargo;
		};

		CA604C04C5CC03958E769765 = {
			isa = PBXTargetDependency;
			target = CA60008DB606720BC1D26AF9;
			targetProxy = CA605F46704A6EC5A26D77E0;
		};

		CA60544906BA7175E2935292 = {
			isa = XCConfigurationList;
			buildConfigurations = (
				CA60D357704E1FCF7A3EDB4F /* Release */,
				CA60F96ECCAAFC69DBE82A23 /* Debug */,
			);
			defaultConfigurationIsVisible = 0;
			defaultConfigurationName = Release;
		};

		CA60D357704E1FCF7A3EDB4F = {
			isa = XCBuildConfiguration;
			buildSettings = {
				CARGO_TARGET_DIR = "$(BUILD_DIR)/cargo-target"; /* for cargo */
				CARGO_XCODE_PRODUCTS_DIR = "$(BUILD_DIR)/cargo-target/release"; /* for xcode scripts */
				CARGO_FLAGS = "--release";
				ARCHS = "$(NATIVE_ARCH_ACTUAL)";
				ONLY_ACTIVE_ARCH = YES;
				SDKROOT = macosx;
				PRODUCT_NAME = "class3";
			};
			name = Release;
		};

		CA60F96ECCAAFC69DBE82A23 = {
			isa = XCBuildConfiguration;
			buildSettings = {
				CARGO_TARGET_DIR = "$(BUILD_DIR)/cargo-target";
				CARGO_XCODE_PRODUCTS_DIR = "$(BUILD_DIR)/cargo-target/debug";
				CARGO_FLAGS = "";
				ARCHS = "$(NATIVE_ARCH_ACTUAL)";
				ONLY_ACTIVE_ARCH = YES;
				SDKROOT = macosx;
				PRODUCT_NAME = "class3";
			};
			name = Debug;
		};

		CA60AA1BAB5462B07F4A280E = {
			isa = PBXProject;
			attributes = {
				LastUpgradeCheck = 0920;
				TargetAttributes = {
					CA603272876B70D3F426B414 = {
						CreatedOnToolsVersion = 9.2;
						ProvisioningStyle = Automatic;
					};
					CA60008DB606720BC1D26AF9 = {
						CreatedOnToolsVersion = 9.2;
						ProvisioningStyle = Automatic;
					};
					                };
			};
			buildConfigurationList = CA60544906BA7175E2935292;
			compatibilityVersion = "Xcode 8.0";
			mainGroup = CA607F4CFD5A31E624AB639B;
			productRefGroup = CA602DE2B691E98DB40D7157;
			projectDirPath = "";
			projectRoot = "";
			targets = (
				CA603272876B70D3F426B414,
CA60008DB606720BC1D26AF9,

			);
		};
	};
	rootObject = CA60AA1BAB5462B07F4A280E;
}
	